{
  "name": "math-notes",
  "version": "0.0.0",
  "lockfileVersion": 3,
  "requires": true,
  "packages": {
    "": {
      "name": "math-notes",
      "version": "0.0.0",
      "dependencies": {
        "@notatki/cli": "^0.0.6"
      }
    },
    "node_modules/@notatki/cli": {
      "version": "0.0.6",
      "resolved": "https://registry.npmjs.org/@notatki/cli/-/cli-0.0.6.tgz",
      "integrity": "sha512-Z9+MMOfQzjlOp/KoOdlx8MnyOY9B/l5srFL1nxYol6fDHxZpDFptvcTaTKL3fO5NDW5FsdKrZ0mUpcBlF2mstg==",
      "license": "MIT",
      "dependencies": {
        "@notatki/core": "^0.0.6",
        "@notatki/preview": "^0.0.6",
        "commander": "^15.0.0"
      },
      "bin": {
        "notatki": "notatki.js"
      }
    },
    "node_modules/@notatki/core": {
      "version": "0.0.6",
      "resolved": "https://registry.npmjs.org/@notatki/core/-/core-0.0.6.tgz",
      "integrity": "sha512-M/FHVBMyQ0DLbLixi0p3JiGAw5hzk2M0JurqX2+AhXAFy6SPWgAAilXyKwgyjXrAuMlHuy2IJTzz+tPMlvaP+w==",
      "license": "MIT",
      "dependencies": {
        "@notatki/format": "^0.0.6",
        "@notatki/parser": "^0.0.6"
      }
    },
    "node_modules/@notatki/format": {
      "version": "0.0.6",
      "resolved": "https://registry.npmjs.org/@notatki/format/-/format-0.0.6.tgz",
      "integrity": "sha512-DqFC0Nx345IE3xDCiAS+Kohs6aTfg5u2/tLDMNzOGtHUQctl6iRHNq9JHU0qmRMG8hYp6v61XCBXtipL/kz6HQ==",
      "license": "MIT",
      "dependencies": {
        "katex": "^0.18.1",
        "marked": "^18.0.7"
      }
    },
    "node_modules/@notatki/parser": {
      "version": "0.0.6",
      "resolved": "https://registry.npmjs.org/@notatki/parser/-/parser-0.0.6.tgz",
      "integrity": "sha512-LANqd2ueAx9sLd4OYcZMWPSKCgIiwCuxPjyBnaUCWqB2yJR0IwL1hOqrs2KZtbY5VUYZ6d+tgoEjbTmHdx+h4w==",
      "license": "MIT"
    },
    "node_modules/@notatki/preview": {
      "version": "0.0.6",
      "resolved": "https://registry.npmjs.org/@notatki/preview/-/preview-0.0.6.tgz",
      "integrity": "sha512-yH7LJM7YGBmcXGBLlipcTYRAQg2Uil8+KbbAWUL5TlfZi6X5rvoqAEytfcK5CpBBoa6SBl2cnUXuDrirT3fh3g==",
      "license": "MIT",
      "dependencies": {
        "@notatki/core": "^0.0.6",
        "@notatki/format": "^0.0.6",
        "@notatki/parser": "^0.0.6"
      }
    },
    "node_modules/commander": {
      "version": "15.0.0",
      "resolved": "https://registry.npmjs.org/commander/-/commander-15.0.0.tgz",
      "integrity": "sha512-z67u4ZhzCL/Tydu1lJARtEZYWbWaN7oYLHbsuzocr6y4N6WZAagG3RQ4FW61V1/0+jImpj293XfrcYnd1qxtPg==",
      "license": "MIT",
      "engines": {
        "node": ">=22.12.0"
      }
    },
    "node_modules/katex": {
      "version": "0.18.1",
      "resolved": "https://registry.npmjs.org/katex/-/katex-0.18.1.tgz",
      "integrity": "sha512-Td8GCYSxDAoMhHOlKmCFMJ/hz5qlAAb71n66Dryw9nfCVfumLo7nhuotbvKom/XPADmrYC3O5QR71EPq4DarJQ==",
      "funding": [
        "https://opencollective.com/katex",
        "https://github.com/sponsors/katex"
      ],
      "license": "MIT",
      "dependencies": {
        "commander": "^8.3.0"
      },
      "bin": {
        "katex": "cli.js"
      }
    },
    "node_modules/katex/node_modules/commander": {
      "version": "8.3.0",
      "resolved": "https://registry.npmjs.org/commander/-/commander-8.3.0.tgz",
      "integrity": "sha512-OkTL9umf+He2DZkUq8f8J9of7yL6RJKI24dVITBmNfZBmri9zYZQrKkuXiKhyfPSu8tUhnVBB1iKXevvnlR4Ww==",
      "license": "MIT",
      "engines": {
        "node": ">= 12"
      }
    },
    "node_modules/marked": {
      "version": "18.0.7",
      "resolved": "https://registry.npmjs.org/marked/-/marked-18.0.7.tgz",
      "integrity": "sha512-iDVQ5ldaiKXn6b2JroX5kgRfmwgqolW7NpaEzTl1k/2Zh1njIEN9yniyLV/mOvWwtsE8OGgkjsCYvijuPk1dtA==",
      "license": "MIT",
      "bin": {
        "marked": "bin/marked.js"
      },
      "engines": {
        "node": ">= 20"
      }
    }
  }
}
