{
  "name": "math-notes",
  "version": "0.0.0",
  "lockfileVersion": 3,
  "requires": true,
  "packages": {
    "": {
      "name": "math-notes",
      "version": "0.0.0",
      "dependencies": {
        "@notatki/cli": "^0.5.0"
      }
    },
    "node_modules/@notatki/cli": {
      "version": "0.5.0",
      "resolved": "https://registry.npmjs.org/@notatki/cli/-/cli-0.5.0.tgz",
      "integrity": "sha512-bKdbL3+FdrY/skFr1ZEhWu9P1FGNkr/UsiLE3Lo8K9klKkku5vQt65R1k0MyKk498c5uMm7M3kW8AmElmp4/+A==",
      "license": "MIT",
      "bin": {
        "notatki": "dist/notatki.js"
      }
    }
  }
}
