{
  "name": "math-notes",
  "version": "0.0.0",
  "lockfileVersion": 3,
  "requires": true,
  "packages": {
    "": {
      "name": "math-notes",
      "version": "0.0.0",
      "dependencies": {
        "@notatki/cli": "^0.1.1"
      }
    },
    "node_modules/@notatki/cli": {
      "version": "0.1.1",
      "resolved": "https://registry.npmjs.org/@notatki/cli/-/cli-0.1.1.tgz",
      "integrity": "sha512-mK2hqW19sy9TH/jzLBvmc2e449Z7dWrQIJeK0XDm0ICxkP7qzgxaQsPhgDURAHB43GYWug6YPgXiEiCB6nCFfw==",
      "license": "MIT",
      "bin": {
        "notatki": "dist/notatki.js"
      }
    }
  }
}
